{
  "name": "frontend",
  "lockfileVersion": 3,
  "requires": true,
  "packages": {
    "": {
      "dependencies": {
        "@dicebear/core": "^9.2.4",
        "@dicebear/initials": "^9.2.4"
      }
    },
    "node_modules/@dicebear/core": {
      "version": "9.2.4",
      "resolved": "https://registry.npmjs.org/@dicebear/core/-/core-9.2.4.tgz",
      "integrity": "sha512-hz6zArEcUwkZzGOSJkWICrvqnEZY7BKeiq9rqKzVJIc1tRVv0MkR0FGvIxSvXiK9TTIgKwu656xCWAGAl6oh+w==",
      "license": "MIT",
      "dependencies": {
        "@types/json-schema": "^7.0.11"
      },
      "engines": {
        "node": ">=18.0.0"
      }
    },
    "node_modules/@dicebear/initials": {
      "version": "9.2.4",
      "resolved": "https://registry.npmjs.org/@dicebear/initials/-/initials-9.2.4.tgz",
      "integrity": "sha512-4SzHG5WoQZl1TGcpEZR4bdsSkUVqwNQCOwWSPAoBJa3BNxbVsvL08LF7I97BMgrCoknWZjQHUYt05amwTPTKtg==",
      "license": "MIT",
      "engines": {
        "node": ">=18.0.0"
      },
      "peerDependencies": {
        "@dicebear/core": "^9.0.0"
      }
    },
    "node_modules/@types/json-schema": {
      "version": "7.0.15",
      "resolved": "https://registry.npmjs.org/@types/json-schema/-/json-schema-7.0.15.tgz",
      "integrity": "sha512-5+fP8P8MFNC+AyZCDxrB2pkZFPGzqQWUzpSeuuVLvm8VMcorNYavBqoFcxK8bQz4Qsbn4oUEEem4wDLfcysGHA==",
      "license": "MIT"
    }
  }
}
